
Microsoft Visual Studio Solution File, Format Version 12.00
# Visual Studio Version 17
VisualStudioVersion = 17.0.32112.339
MinimumVisualStudioVersion = 10.0.40219.1
Project("{9A19103F-16F7-4668-BE54-9A1E7A4F7556}") = "DataLibrary", "DataClasses\DataLibrary.csproj", "{88A14DC7-C0A5-42CA-B89F-E5F49AD69C9F}"
EndProject
Project("{9A19103F-16F7-4668-BE54-9A1E7A4F7556}") = "DataModels", "DataLink\DataModels.csproj", "{FCA3B90E-3772-4704-BAF7-6FE6539D6086}"
EndProject
Project("{9A19103F-16F7-4668-BE54-9A1E7A4F7556}") = "GuildRoster", "GuildRoster\GuildRoster.csproj", "{C04782DC-2DE2-4A97-B6EC-38B24BF4FA75}"
EndProject
Project("{FAE04EC0-301F-11D3-BF4B-00C04F79EFBC}") = "DataOps", "DataOps\DataOps.csproj", "{E851F961-F0AC-46B6-A4E5-428C35BB7333}"
EndProject
Global
	GlobalSection(SolutionConfigurationPlatforms) = preSolution
		Debug|Any CPU = Debug|Any CPU
		Release|Any CPU = Release|Any CPU
	EndGlobalSection
	GlobalSection(ProjectConfigurationPlatforms) = postSolution
		{88A14DC7-C0A5-42CA-B89F-E5F49AD69C9F}.Debug|Any CPU.ActiveCfg = Debug|Any CPU
		{88A14DC7-C0A5-42CA-B89F-E5F49AD69C9F}.Debug|Any CPU.Build.0 = Debug|Any CPU
		{88A14DC7-C0A5-42CA-B89F-E5F49AD69C9F}.Release|Any CPU.ActiveCfg = Release|Any CPU
		{88A14DC7-C0A5-42CA-B89F-E5F49AD69C9F}.Release|Any CPU.Build.0 = Release|Any CPU
		{FCA3B90E-3772-4704-BAF7-6FE6539D6086}.Debug|Any CPU.ActiveCfg = Debug|Any CPU
		{FCA3B90E-3772-4704-BAF7-6FE6539D6086}.Debug|Any CPU.Build.0 = Debug|Any CPU
		{FCA3B90E-3772-4704-BAF7-6FE6539D6086}.Release|Any CPU.ActiveCfg = Release|Any CPU
		{FCA3B90E-3772-4704-BAF7-6FE6539D6086}.Release|Any CPU.Build.0 = Release|Any CPU
		{C04782DC-2DE2-4A97-B6EC-38B24BF4FA75}.Debug|Any CPU.ActiveCfg = Debug|Any CPU
		{C04782DC-2DE2-4A97-B6EC-38B24BF4FA75}.Debug|Any CPU.Build.0 = Debug|Any CPU
		{C04782DC-2DE2-4A97-B6EC-38B24BF4FA75}.Release|Any CPU.ActiveCfg = Release|Any CPU
		{C04782DC-2DE2-4A97-B6EC-38B24BF4FA75}.Release|Any CPU.Build.0 = Release|Any CPU
		{E851F961-F0AC-46B6-A4E5-428C35BB7333}.Debug|Any CPU.ActiveCfg = Debug|Any CPU
		{E851F961-F0AC-46B6-A4E5-428C35BB7333}.Debug|Any CPU.Build.0 = Debug|Any CPU
		{E851F961-F0AC-46B6-A4E5-428C35BB7333}.Release|Any CPU.ActiveCfg = Release|Any CPU
		{E851F961-F0AC-46B6-A4E5-428C35BB7333}.Release|Any CPU.Build.0 = Release|Any CPU
	EndGlobalSection
	GlobalSection(SolutionProperties) = preSolution
		HideSolutionNode = FALSE
	EndGlobalSection
	GlobalSection(ExtensibilityGlobals) = postSolution
		SolutionGuid = {4B086993-5D62-4EE5-8B86-D85DFB925E39}
	EndGlobalSection
EndGlobal
